
Microsoft Visual Studio Solution File, Format Version 12.00
# Visual Studio Version 16
VisualStudioVersion = 16.0.32901.82
MinimumVisualStudioVersion = 10.0.40219.1
Project("{8BC9CEB8-8B4A-11D0-8D11-00A0C91BC942}") = "source", "source\source.vcxproj", "{123E659C-7704-4A9D-8A0C-CF2D32793BB3}"
EndProject
Global
	GlobalSection(SolutionConfigurationPlatforms) = preSolution
		Debug|x64 = Debug|x64
		Debug|x86 = Debug|x86
		Release|x64 = Release|x64
		Release|x86 = Release|x86
	EndGlobalSection
	GlobalSection(ProjectConfigurationPlatforms) = postSolution
		{123E659C-7704-4A9D-8A0C-CF2D32793BB3}.Debug|x64.ActiveCfg = Debug|x64
		{123E659C-7704-4A9D-8A0C-CF2D32793BB3}.Debug|x64.Build.0 = Debug|x64
		{123E659C-7704-4A9D-8A0C-CF2D32793BB3}.Debug|x86.ActiveCfg = Debug|Win32
		{123E659C-7704-4A9D-8A0C-CF2D32793BB3}.Debug|x86.Build.0 = Debug|Win32
		{123E659C-7704-4A9D-8A0C-CF2D32793BB3}.Release|x64.ActiveCfg = Release|x64
		{123E659C-7704-4A9D-8A0C-CF2D32793BB3}.Release|x64.Build.0 = Release|x64
		{123E659C-7704-4A9D-8A0C-CF2D32793BB3}.Release|x86.ActiveCfg = Release|Win32
		{123E659C-7704-4A9D-8A0C-CF2D32793BB3}.Release|x86.Build.0 = Release|Win32
	EndGlobalSection
	GlobalSection(SolutionProperties) = preSolution
		HideSolutionNode = FALSE
	EndGlobalSection
	GlobalSection(ExtensibilityGlobals) = postSolution
		SolutionGuid = {EB30D5A7-5835-4BE1-930D-ADE6DC83C52E}
	EndGlobalSection
EndGlobal
